
Microsoft Visual Studio Solution File, Format Version 12.00
# Visual Studio Version 17
VisualStudioVersion = 17.6.33620.401
MinimumVisualStudioVersion = 10.0.40219.1
Project("{9A19103F-16F7-4668-BE54-9A1E7A4F7556}") = "OCRApp", "OCRApp\OCRApp.csproj", "{53786DB3-7202-4D80-82A8-FDDA97243895}"
EndProject
Project("{2150E333-8FDC-42A3-9474-1A3956D46DE8}") = "Tests", "Tests", "{38807525-773F-4DB2-ACB1-1EA1ED400255}"
EndProject
Project("{9A19103F-16F7-4668-BE54-9A1E7A4F7556}") = "OCRApp.Tests", "OCRApp.Tests\OCRApp.Tests.csproj", "{E0DB84F3-7B9B-4B56-B9D1-56F72771E18B}"
EndProject
Project("{9A19103F-16F7-4668-BE54-9A1E7A4F7556}") = "OCRApp.UITests", "OCRApp.UITests\OCRApp.UITests.csproj", "{D4EBC03F-A117-446B-9A03-4D4114B321FA}"
EndProject
Project("{2150E333-8FDC-42A3-9474-1A3956D46DE8}") = "Platforms", "Platforms", "{D6D27A7C-F311-4A5B-AA45-CB7A5263C1AB}"
EndProject
Project("{9A19103F-16F7-4668-BE54-9A1E7A4F7556}") = "OCRApp.Mobile", "OCRApp.Mobile\OCRApp.Mobile.csproj", "{57CF45C9-B8CE-42AD-A5BD-B6663913BE55}"
EndProject
Project("{9A19103F-16F7-4668-BE54-9A1E7A4F7556}") = "OCRApp.Windows", "OCRApp.Windows\OCRApp.Windows.csproj", "{2D9CF4AA-6BB8-4B85-9673-1A1FC5BDEBD1}"
EndProject
Project("{9A19103F-16F7-4668-BE54-9A1E7A4F7556}") = "OCRApp.Wasm", "OCRApp.Wasm\OCRApp.Wasm.csproj", "{28AE251E-E8AA-4883-811E-0BBADBB1CD85}"
EndProject
Project("{9A19103F-16F7-4668-BE54-9A1E7A4F7556}") = "OCRApp.Skia.Gtk", "OCRApp.Skia.Gtk\OCRApp.Skia.Gtk.csproj", "{9ADD50A1-DA0C-4217-A41C-A061CE37F797}"
EndProject
Project("{9A19103F-16F7-4668-BE54-9A1E7A4F7556}") = "OCRApp.Skia.Wpf", "OCRApp.Skia.WPF\OCRApp.Skia.Wpf.csproj", "{12A70B8F-BC02-4B24-9D53-40D7EEE52965}"
EndProject
Project("{9A19103F-16F7-4668-BE54-9A1E7A4F7556}") = "OCRApp.Skia.Linux.FrameBuffer", "OCRApp.Skia.Linux.FrameBuffer\OCRApp.Skia.Linux.FrameBuffer.csproj", "{3363E940-A79F-4397-A5B7-D19A66CF95EB}"
EndProject
Project("{2150E333-8FDC-42A3-9474-1A3956D46DE8}") = "Solution Items", "Solution Items", "{87431781-5D7B-4F44-80F9-BDE8BA004E02}"
	ProjectSection(SolutionItems) = preProject
		Directory.Build.props = Directory.Build.props
		Directory.Build.targets = Directory.Build.targets
	EndProjectSection
EndProject
Global
	GlobalSection(SolutionConfigurationPlatforms) = preSolution
		Debug|Any CPU = Debug|Any CPU
		Debug|arm64 = Debug|arm64
		Debug|x64 = Debug|x64
		Debug|x86 = Debug|x86
		Release|Any CPU = Release|Any CPU
		Release|arm64 = Release|arm64
		Release|x64 = Release|x64
		Release|x86 = Release|x86
	EndGlobalSection
	GlobalSection(ProjectConfigurationPlatforms) = postSolution
		{53786DB3-7202-4D80-82A8-FDDA97243895}.Debug|Any CPU.ActiveCfg = Debug|Any CPU
		{53786DB3-7202-4D80-82A8-FDDA97243895}.Debug|Any CPU.Build.0 = Debug|Any CPU
		{53786DB3-7202-4D80-82A8-FDDA97243895}.Debug|arm64.ActiveCfg = Debug|Any CPU
		{53786DB3-7202-4D80-82A8-FDDA97243895}.Debug|arm64.Build.0 = Debug|Any CPU
		{53786DB3-7202-4D80-82A8-FDDA97243895}.Debug|x64.ActiveCfg = Debug|Any CPU
		{53786DB3-7202-4D80-82A8-FDDA97243895}.Debug|x64.Build.0 = Debug|Any CPU
		{53786DB3-7202-4D80-82A8-FDDA97243895}.Debug|x86.ActiveCfg = Debug|Any CPU
		{53786DB3-7202-4D80-82A8-FDDA97243895}.Debug|x86.Build.0 = Debug|Any CPU
		{53786DB3-7202-4D80-82A8-FDDA97243895}.Release|Any CPU.ActiveCfg = Release|Any CPU
		{53786DB3-7202-4D80-82A8-FDDA97243895}.Release|Any CPU.Build.0 = Release|Any CPU
		{53786DB3-7202-4D80-82A8-FDDA97243895}.Release|arm64.ActiveCfg = Release|Any CPU
		{53786DB3-7202-4D80-82A8-FDDA97243895}.Release|arm64.Build.0 = Release|Any CPU
		{53786DB3-7202-4D80-82A8-FDDA97243895}.Release|x64.ActiveCfg = Release|Any CPU
		{53786DB3-7202-4D80-82A8-FDDA97243895}.Release|x64.Build.0 = Release|Any CPU
		{53786DB3-7202-4D80-82A8-FDDA97243895}.Release|x86.ActiveCfg = Release|Any CPU
		{53786DB3-7202-4D80-82A8-FDDA97243895}.Release|x86.Build.0 = Release|Any CPU
		{E0DB84F3-7B9B-4B56-B9D1-56F72771E18B}.Debug|Any CPU.ActiveCfg = Debug|Any CPU
		{E0DB84F3-7B9B-4B56-B9D1-56F72771E18B}.Debug|Any CPU.Build.0 = Debug|Any CPU
		{E0DB84F3-7B9B-4B56-B9D1-56F72771E18B}.Debug|arm64.ActiveCfg = Debug|Any CPU
		{E0DB84F3-7B9B-4B56-B9D1-56F72771E18B}.Debug|arm64.Build.0 = Debug|Any CPU
		{E0DB84F3-7B9B-4B56-B9D1-56F72771E18B}.Debug|x64.ActiveCfg = Debug|Any CPU
		{E0DB84F3-7B9B-4B56-B9D1-56F72771E18B}.Debug|x64.Build.0 = Debug|Any CPU
		{E0DB84F3-7B9B-4B56-B9D1-56F72771E18B}.Debug|x86.ActiveCfg = Debug|Any CPU
		{E0DB84F3-7B9B-4B56-B9D1-56F72771E18B}.Debug|x86.Build.0 = Debug|Any CPU
		{E0DB84F3-7B9B-4B56-B9D1-56F72771E18B}.Release|Any CPU.ActiveCfg = Release|Any CPU
		{E0DB84F3-7B9B-4B56-B9D1-56F72771E18B}.Release|Any CPU.Build.0 = Release|Any CPU
		{E0DB84F3-7B9B-4B56-B9D1-56F72771E18B}.Release|arm64.ActiveCfg = Release|Any CPU
		{E0DB84F3-7B9B-4B56-B9D1-56F72771E18B}.Release|arm64.Build.0 = Release|Any CPU
		{E0DB84F3-7B9B-4B56-B9D1-56F72771E18B}.Release|x64.ActiveCfg = Release|Any CPU
		{E0DB84F3-7B9B-4B56-B9D1-56F72771E18B}.Release|x64.Build.0 = Release|Any CPU
		{E0DB84F3-7B9B-4B56-B9D1-56F72771E18B}.Release|x86.ActiveCfg = Release|Any CPU
		{E0DB84F3-7B9B-4B56-B9D1-56F72771E18B}.Release|x86.Build.0 = Release|Any CPU
		{D4EBC03F-A117-446B-9A03-4D4114B321FA}.Debug|Any CPU.ActiveCfg = Debug|Any CPU
		{D4EBC03F-A117-446B-9A03-4D4114B321FA}.Debug|Any CPU.Build.0 = Debug|Any CPU
		{D4EBC03F-A117-446B-9A03-4D4114B321FA}.Debug|arm64.ActiveCfg = Debug|Any CPU
		{D4EBC03F-A117-446B-9A03-4D4114B321FA}.Debug|arm64.Build.0 = Debug|Any CPU
		{D4EBC03F-A117-446B-9A03-4D4114B321FA}.Debug|x64.ActiveCfg = Debug|Any CPU
		{D4EBC03F-A117-446B-9A03-4D4114B321FA}.Debug|x64.Build.0 = Debug|Any CPU
		{D4EBC03F-A117-446B-9A03-4D4114B321FA}.Debug|x86.ActiveCfg = Debug|Any CPU
		{D4EBC03F-A117-446B-9A03-4D4114B321FA}.Debug|x86.Build.0 = Debug|Any CPU
		{D4EBC03F-A117-446B-9A03-4D4114B321FA}.Release|Any CPU.ActiveCfg = Release|Any CPU
		{D4EBC03F-A117-446B-9A03-4D4114B321FA}.Release|Any CPU.Build.0 = Release|Any CPU
		{D4EBC03F-A117-446B-9A03-4D4114B321FA}.Release|arm64.ActiveCfg = Release|Any CPU
		{D4EBC03F-A117-446B-9A03-4D4114B321FA}.Release|arm64.Build.0 = Release|Any CPU
		{D4EBC03F-A117-446B-9A03-4D4114B321FA}.Release|x64.ActiveCfg = Release|Any CPU
		{D4EBC03F-A117-446B-9A03-4D4114B321FA}.Release|x64.Build.0 = Release|Any CPU
		{D4EBC03F-A117-446B-9A03-4D4114B321FA}.Release|x86.ActiveCfg = Release|Any CPU
		{D4EBC03F-A117-446B-9A03-4D4114B321FA}.Release|x86.Build.0 = Release|Any CPU
		{57CF45C9-B8CE-42AD-A5BD-B6663913BE55}.Debug|Any CPU.ActiveCfg = Debug|Any CPU
		{57CF45C9-B8CE-42AD-A5BD-B6663913BE55}.Debug|Any CPU.Build.0 = Debug|Any CPU
		{57CF45C9-B8CE-42AD-A5BD-B6663913BE55}.Debug|Any CPU.Deploy.0 = Debug|Any CPU
		{57CF45C9-B8CE-42AD-A5BD-B6663913BE55}.Debug|arm64.ActiveCfg = Debug|Any CPU
		{57CF45C9-B8CE-42AD-A5BD-B6663913BE55}.Debug|arm64.Build.0 = Debug|Any CPU
		{57CF45C9-B8CE-42AD-A5BD-B6663913BE55}.Debug|arm64.Deploy.0 = Debug|Any CPU
		{57CF45C9-B8CE-42AD-A5BD-B6663913BE55}.Debug|x64.ActiveCfg = Debug|Any CPU
		{57CF45C9-B8CE-42AD-A5BD-B6663913BE55}.Debug|x64.Build.0 = Debug|Any CPU
		{57CF45C9-B8CE-42AD-A5BD-B6663913BE55}.Debug|x64.Deploy.0 = Debug|Any CPU
		{57CF45C9-B8CE-42AD-A5BD-B6663913BE55}.Debug|x86.ActiveCfg = Debug|Any CPU
		{57CF45C9-B8CE-42AD-A5BD-B6663913BE55}.Debug|x86.Build.0 = Debug|Any CPU
		{57CF45C9-B8CE-42AD-A5BD-B6663913BE55}.Debug|x86.Deploy.0 = Debug|Any CPU
		{57CF45C9-B8CE-42AD-A5BD-B6663913BE55}.Release|Any CPU.ActiveCfg = Release|Any CPU
		{57CF45C9-B8CE-42AD-A5BD-B6663913BE55}.Release|Any CPU.Build.0 = Release|Any CPU
		{57CF45C9-B8CE-42AD-A5BD-B6663913BE55}.Release|Any CPU.Deploy.0 = Release|Any CPU
		{57CF45C9-B8CE-42AD-A5BD-B6663913BE55}.Release|arm64.ActiveCfg = Release|Any CPU
		{57CF45C9-B8CE-42AD-A5BD-B6663913BE55}.Release|arm64.Build.0 = Release|Any CPU
		{57CF45C9-B8CE-42AD-A5BD-B6663913BE55}.Release|arm64.Deploy.0 = Release|Any CPU
		{57CF45C9-B8CE-42AD-A5BD-B6663913BE55}.Release|x64.ActiveCfg = Release|Any CPU
		{57CF45C9-B8CE-42AD-A5BD-B6663913BE55}.Release|x64.Build.0 = Release|Any CPU
		{57CF45C9-B8CE-42AD-A5BD-B6663913BE55}.Release|x64.Deploy.0 = Release|Any CPU
		{57CF45C9-B8CE-42AD-A5BD-B6663913BE55}.Release|x86.ActiveCfg = Release|Any CPU
		{57CF45C9-B8CE-42AD-A5BD-B6663913BE55}.Release|x86.Build.0 = Release|Any CPU
		{57CF45C9-B8CE-42AD-A5BD-B6663913BE55}.Release|x86.Deploy.0 = Release|Any CPU
		{2D9CF4AA-6BB8-4B85-9673-1A1FC5BDEBD1}.Debug|Any CPU.ActiveCfg = Debug|x64
		{2D9CF4AA-6BB8-4B85-9673-1A1FC5BDEBD1}.Debug|Any CPU.Build.0 = Debug|x64
		{2D9CF4AA-6BB8-4B85-9673-1A1FC5BDEBD1}.Debug|Any CPU.Deploy.0 = Debug|x64
		{2D9CF4AA-6BB8-4B85-9673-1A1FC5BDEBD1}.Debug|arm64.ActiveCfg = Debug|arm64
		{2D9CF4AA-6BB8-4B85-9673-1A1FC5BDEBD1}.Debug|arm64.Build.0 = Debug|arm64
		{2D9CF4AA-6BB8-4B85-9673-1A1FC5BDEBD1}.Debug|arm64.Deploy.0 = Debug|arm64
		{2D9CF4AA-6BB8-4B85-9673-1A1FC5BDEBD1}.Debug|x64.ActiveCfg = Debug|x64
		{2D9CF4AA-6BB8-4B85-9673-1A1FC5BDEBD1}.Debug|x64.Build.0 = Debug|x64
		{2D9CF4AA-6BB8-4B85-9673-1A1FC5BDEBD1}.Debug|x64.Deploy.0 = Debug|x64
		{2D9CF4AA-6BB8-4B85-9673-1A1FC5BDEBD1}.Debug|x86.ActiveCfg = Debug|x86
		{2D9CF4AA-6BB8-4B85-9673-1A1FC5BDEBD1}.Debug|x86.Build.0 = Debug|x86
		{2D9CF4AA-6BB8-4B85-9673-1A1FC5BDEBD1}.Debug|x86.Deploy.0 = Debug|x86
		{2D9CF4AA-6BB8-4B85-9673-1A1FC5BDEBD1}.Release|Any CPU.ActiveCfg = Release|x64
		{2D9CF4AA-6BB8-4B85-9673-1A1FC5BDEBD1}.Release|Any CPU.Build.0 = Release|x64
		{2D9CF4AA-6BB8-4B85-9673-1A1FC5BDEBD1}.Release|Any CPU.Deploy.0 = Release|x64
		{2D9CF4AA-6BB8-4B85-9673-1A1FC5BDEBD1}.Release|arm64.ActiveCfg = Release|arm64
		{2D9CF4AA-6BB8-4B85-9673-1A1FC5BDEBD1}.Release|arm64.Build.0 = Release|arm64
		{2D9CF4AA-6BB8-4B85-9673-1A1FC5BDEBD1}.Release|arm64.Deploy.0 = Release|arm64
		{2D9CF4AA-6BB8-4B85-9673-1A1FC5BDEBD1}.Release|x64.ActiveCfg = Release|x64
		{2D9CF4AA-6BB8-4B85-9673-1A1FC5BDEBD1}.Release|x64.Build.0 = Release|x64
		{2D9CF4AA-6BB8-4B85-9673-1A1FC5BDEBD1}.Release|x64.Deploy.0 = Release|x64
		{2D9CF4AA-6BB8-4B85-9673-1A1FC5BDEBD1}.Release|x86.ActiveCfg = Release|x86
		{2D9CF4AA-6BB8-4B85-9673-1A1FC5BDEBD1}.Release|x86.Build.0 = Release|x86
		{2D9CF4AA-6BB8-4B85-9673-1A1FC5BDEBD1}.Release|x86.Deploy.0 = Release|x86
		{28AE251E-E8AA-4883-811E-0BBADBB1CD85}.Debug|Any CPU.ActiveCfg = Debug|Any CPU
		{28AE251E-E8AA-4883-811E-0BBADBB1CD85}.Debug|Any CPU.Build.0 = Debug|Any CPU
		{28AE251E-E8AA-4883-811E-0BBADBB1CD85}.Debug|arm64.ActiveCfg = Debug|Any CPU
		{28AE251E-E8AA-4883-811E-0BBADBB1CD85}.Debug|arm64.Build.0 = Debug|Any CPU
		{28AE251E-E8AA-4883-811E-0BBADBB1CD85}.Debug|x64.ActiveCfg = Debug|Any CPU
		{28AE251E-E8AA-4883-811E-0BBADBB1CD85}.Debug|x64.Build.0 = Debug|Any CPU
		{28AE251E-E8AA-4883-811E-0BBADBB1CD85}.Debug|x86.ActiveCfg = Debug|Any CPU
		{28AE251E-E8AA-4883-811E-0BBADBB1CD85}.Debug|x86.Build.0 = Debug|Any CPU
		{28AE251E-E8AA-4883-811E-0BBADBB1CD85}.Release|Any CPU.ActiveCfg = Release|Any CPU
		{28AE251E-E8AA-4883-811E-0BBADBB1CD85}.Release|Any CPU.Build.0 = Release|Any CPU
		{28AE251E-E8AA-4883-811E-0BBADBB1CD85}.Release|arm64.ActiveCfg = Release|Any CPU
		{28AE251E-E8AA-4883-811E-0BBADBB1CD85}.Release|arm64.Build.0 = Release|Any CPU
		{28AE251E-E8AA-4883-811E-0BBADBB1CD85}.Release|x64.ActiveCfg = Release|Any CPU
		{28AE251E-E8AA-4883-811E-0BBADBB1CD85}.Release|x64.Build.0 = Release|Any CPU
		{28AE251E-E8AA-4883-811E-0BBADBB1CD85}.Release|x86.ActiveCfg = Release|Any CPU
		{28AE251E-E8AA-4883-811E-0BBADBB1CD85}.Release|x86.Build.0 = Release|Any CPU
		{9ADD50A1-DA0C-4217-A41C-A061CE37F797}.Debug|Any CPU.ActiveCfg = Debug|Any CPU
		{9ADD50A1-DA0C-4217-A41C-A061CE37F797}.Debug|Any CPU.Build.0 = Debug|Any CPU
		{9ADD50A1-DA0C-4217-A41C-A061CE37F797}.Debug|arm64.ActiveCfg = Debug|Any CPU
		{9ADD50A1-DA0C-4217-A41C-A061CE37F797}.Debug|arm64.Build.0 = Debug|Any CPU
		{9ADD50A1-DA0C-4217-A41C-A061CE37F797}.Debug|x64.ActiveCfg = Debug|Any CPU
		{9ADD50A1-DA0C-4217-A41C-A061CE37F797}.Debug|x64.Build.0 = Debug|Any CPU
		{9ADD50A1-DA0C-4217-A41C-A061CE37F797}.Debug|x86.ActiveCfg = Debug|Any CPU
		{9ADD50A1-DA0C-4217-A41C-A061CE37F797}.Debug|x86.Build.0 = Debug|Any CPU
		{9ADD50A1-DA0C-4217-A41C-A061CE37F797}.Release|Any CPU.ActiveCfg = Release|Any CPU
		{9ADD50A1-DA0C-4217-A41C-A061CE37F797}.Release|Any CPU.Build.0 = Release|Any CPU
		{9ADD50A1-DA0C-4217-A41C-A061CE37F797}.Release|arm64.ActiveCfg = Release|Any CPU
		{9ADD50A1-DA0C-4217-A41C-A061CE37F797}.Release|arm64.Build.0 = Release|Any CPU
		{9ADD50A1-DA0C-4217-A41C-A061CE37F797}.Release|x64.ActiveCfg = Release|Any CPU
		{9ADD50A1-DA0C-4217-A41C-A061CE37F797}.Release|x64.Build.0 = Release|Any CPU
		{9ADD50A1-DA0C-4217-A41C-A061CE37F797}.Release|x86.ActiveCfg = Release|Any CPU
		{9ADD50A1-DA0C-4217-A41C-A061CE37F797}.Release|x86.Build.0 = Release|Any CPU
		{12A70B8F-BC02-4B24-9D53-40D7EEE52965}.Debug|Any CPU.ActiveCfg = Debug|Any CPU
		{12A70B8F-BC02-4B24-9D53-40D7EEE52965}.Debug|Any CPU.Build.0 = Debug|Any CPU
		{12A70B8F-BC02-4B24-9D53-40D7EEE52965}.Debug|arm64.ActiveCfg = Debug|Any CPU
		{12A70B8F-BC02-4B24-9D53-40D7EEE52965}.Debug|arm64.Build.0 = Debug|Any CPU
		{12A70B8F-BC02-4B24-9D53-40D7EEE52965}.Debug|x64.ActiveCfg = Debug|Any CPU
		{12A70B8F-BC02-4B24-9D53-40D7EEE52965}.Debug|x64.Build.0 = Debug|Any CPU
		{12A70B8F-BC02-4B24-9D53-40D7EEE52965}.Debug|x86.ActiveCfg = Debug|Any CPU
		{12A70B8F-BC02-4B24-9D53-40D7EEE52965}.Debug|x86.Build.0 = Debug|Any CPU
		{12A70B8F-BC02-4B24-9D53-40D7EEE52965}.Release|Any CPU.ActiveCfg = Release|Any CPU
		{12A70B8F-BC02-4B24-9D53-40D7EEE52965}.Release|Any CPU.Build.0 = Release|Any CPU
		{12A70B8F-BC02-4B24-9D53-40D7EEE52965}.Release|arm64.ActiveCfg = Release|Any CPU
		{12A70B8F-BC02-4B24-9D53-40D7EEE52965}.Release|arm64.Build.0 = Release|Any CPU
		{12A70B8F-BC02-4B24-9D53-40D7EEE52965}.Release|x64.ActiveCfg = Release|Any CPU
		{12A70B8F-BC02-4B24-9D53-40D7EEE52965}.Release|x64.Build.0 = Release|Any CPU
		{12A70B8F-BC02-4B24-9D53-40D7EEE52965}.Release|x86.ActiveCfg = Release|Any CPU
		{12A70B8F-BC02-4B24-9D53-40D7EEE52965}.Release|x86.Build.0 = Release|Any CPU
		{3363E940-A79F-4397-A5B7-D19A66CF95EB}.Debug|Any CPU.ActiveCfg = Debug|Any CPU
		{3363E940-A79F-4397-A5B7-D19A66CF95EB}.Debug|Any CPU.Build.0 = Debug|Any CPU
		{3363E940-A79F-4397-A5B7-D19A66CF95EB}.Debug|arm64.ActiveCfg = Debug|Any CPU
		{3363E940-A79F-4397-A5B7-D19A66CF95EB}.Debug|arm64.Build.0 = Debug|Any CPU
		{3363E940-A79F-4397-A5B7-D19A66CF95EB}.Debug|x64.ActiveCfg = Debug|Any CPU
		{3363E940-A79F-4397-A5B7-D19A66CF95EB}.Debug|x64.Build.0 = Debug|Any CPU
		{3363E940-A79F-4397-A5B7-D19A66CF95EB}.Debug|x86.ActiveCfg = Debug|Any CPU
		{3363E940-A79F-4397-A5B7-D19A66CF95EB}.Debug|x86.Build.0 = Debug|Any CPU
		{3363E940-A79F-4397-A5B7-D19A66CF95EB}.Release|Any CPU.ActiveCfg = Release|Any CPU
		{3363E940-A79F-4397-A5B7-D19A66CF95EB}.Release|Any CPU.Build.0 = Release|Any CPU
		{3363E940-A79F-4397-A5B7-D19A66CF95EB}.Release|arm64.ActiveCfg = Release|Any CPU
		{3363E940-A79F-4397-A5B7-D19A66CF95EB}.Release|arm64.Build.0 = Release|Any CPU
		{3363E940-A79F-4397-A5B7-D19A66CF95EB}.Release|x64.ActiveCfg = Release|Any CPU
		{3363E940-A79F-4397-A5B7-D19A66CF95EB}.Release|x64.Build.0 = Release|Any CPU
		{3363E940-A79F-4397-A5B7-D19A66CF95EB}.Release|x86.ActiveCfg = Release|Any CPU
		{3363E940-A79F-4397-A5B7-D19A66CF95EB}.Release|x86.Build.0 = Release|Any CPU
	EndGlobalSection
	GlobalSection(SolutionProperties) = preSolution
		HideSolutionNode = FALSE
	EndGlobalSection
	GlobalSection(NestedProjects) = preSolution
		{E0DB84F3-7B9B-4B56-B9D1-56F72771E18B} = {38807525-773F-4DB2-ACB1-1EA1ED400255}
		{D4EBC03F-A117-446B-9A03-4D4114B321FA} = {38807525-773F-4DB2-ACB1-1EA1ED400255}
		{57CF45C9-B8CE-42AD-A5BD-B6663913BE55} = {D6D27A7C-F311-4A5B-AA45-CB7A5263C1AB}
		{2D9CF4AA-6BB8-4B85-9673-1A1FC5BDEBD1} = {D6D27A7C-F311-4A5B-AA45-CB7A5263C1AB}
		{28AE251E-E8AA-4883-811E-0BBADBB1CD85} = {D6D27A7C-F311-4A5B-AA45-CB7A5263C1AB}
		{9ADD50A1-DA0C-4217-A41C-A061CE37F797} = {D6D27A7C-F311-4A5B-AA45-CB7A5263C1AB}
		{12A70B8F-BC02-4B24-9D53-40D7EEE52965} = {D6D27A7C-F311-4A5B-AA45-CB7A5263C1AB}
		{3363E940-A79F-4397-A5B7-D19A66CF95EB} = {D6D27A7C-F311-4A5B-AA45-CB7A5263C1AB}
	EndGlobalSection
	GlobalSection(ExtensibilityGlobals) = postSolution
		SolutionGuid = {296A857E-BB27-420A-A75A-632A3A769AD2}
	EndGlobalSection
EndGlobal
